// !$*UTF8*$!
{
	archiveVersion = 1;
	classes = {
	};
	objectVersion = 46;
	objects = {

/* Begin PBXBuildFile section */
		BB3F5ED01E6CFD4D000657B6 /* AppDelegate.swift in Sources */ = {isa = PBXBuildFile; fileRef = BB3F5ECF1E6CFD4D000657B6 /* AppDelegate.swift */; };
		BB3F5ED21E6CFD4D000657B6 /* ViewController.swift in Sources */ = {isa = PBXBuildFile; fileRef = BB3F5ED11E6CFD4D000657B6 /* ViewController.swift */; };
		BB3F5ED51E6CFD4D000657B6 /* Main.storyboard in Resources */ = {isa = PBXBuildFile; fileRef = BB3F5ED31E6CFD4D000657B6 /* Main.storyboard */; };
		BB3F5ED71E6CFD4D000657B6 /* Assets.xcassets in Resources */ = {isa = PBXBuildFile; fileRef = BB3F5ED61E6CFD4D000657B6 /* Assets.xcassets */; };
		BB3F5EDA1E6CFD4D000657B6 /* LaunchScreen.storyboard in Resources */ = {isa = PBXBuildFile; fileRef = BB3F5ED81E6CFD4D000657B6 /* LaunchScreen.storyboard */; };
		BB3F5EE21E6CFEE6000657B6 /* GoogleService-Info.plist in Resources */ = {isa = PBXBuildFile; fileRef = BB3F5EE11E6CFEE6000657B6 /* GoogleService-Info.plist */; };
		BB3F5EF51E6D0983000657B6 /* GeoFire.m in Sources */ = {isa = PBXBuildFile; fileRef = BB3F5EEC1E6D0983000657B6 /* GeoFire.m */; };
		BB3F5EF61E6D0983000657B6 /* GFBase32Utils.m in Sources */ = {isa = PBXBuildFile; fileRef = BB3F5EEE1E6D0983000657B6 /* GFBase32Utils.m */; };
		BB3F5EF71E6D0983000657B6 /* GFGeoHash.m in Sources */ = {isa = PBXBuildFile; fileRef = BB3F5EF01E6D0983000657B6 /* GFGeoHash.m */; };
		BB3F5EF81E6D0983000657B6 /* GFGeoHashQuery.m in Sources */ = {isa = PBXBuildFile; fileRef = BB3F5EF21E6D0983000657B6 /* GFGeoHashQuery.m */; };
		BB3F5EF91E6D0983000657B6 /* GFQuery.m in Sources */ = {isa = PBXBuildFile; fileRef = BB3F5EF41E6D0983000657B6 /* GFQuery.m */; };
		BB3F5EFF1E6DD019000657B6 /* PokeAnnotation.swift in Sources */ = {isa = PBXBuildFile; fileRef = BB3F5EFE1E6DD019000657B6 /* PokeAnnotation.swift */; };
		BB9B1F363C18AA4D3BE01371 /* Pods_PokeFinder.framework in Frameworks */ = {isa = PBXBuildFile; fileRef = A4D263C94893B47C7E2C415B /* Pods_PokeFinder.framework */; };
/* End PBXBuildFile section */

/* Begin PBXFileReference section */
		85A3423CAEF8C32A4E03949A /* Pods-PokeFinder.release.xcconfig */ = {isa = PBXFileReference; includeInIndex = 1; lastKnownFileType = text.xcconfig; name = "Pods-PokeFinder.release.xcconfig"; path = "Pods/Target Support Files/Pods-PokeFinder/Pods-PokeFinder.release.xcconfig"; sourceTree = "<group>"; };
		88458DBFB336031CF8093F50 /* Pods-PokeFinder.debug.xcconfig */ = {isa = PBXFileReference; includeInIndex = 1; lastKnownFileType = text.xcconfig; name = "Pods-PokeFinder.debug.xcconfig"; path = "Pods/Target Support Files/Pods-PokeFinder/Pods-PokeFinder.debug.xcconfig"; sourceTree = "<group>"; };
		A4D263C94893B47C7E2C415B /* Pods_PokeFinder.framework */ = {isa = PBXFileReference; explicitFileType = wrapper.framework; includeInIndex = 0; path = Pods_PokeFinder.framework; sourceTree = BUILT_PRODUCTS_DIR; };
		BB3F5ECC1E6CFD4D000657B6 /* PokeFinder.app */ = {isa = PBXFileReference; explicitFileType = wrapper.application; includeInIndex = 0; path = PokeFinder.app; sourceTree = BUILT_PRODUCTS_DIR; };
		BB3F5ECF1E6CFD4D000657B6 /* AppDelegate.swift */ = {isa = PBXFileReference; lastKnownFileType = sourcecode.swift; path = AppDelegate.swift; sourceTree = "<group>"; };
		BB3F5ED11E6CFD4D000657B6 /* ViewController.swift */ = {isa = PBXFileReference; lastKnownFileType = sourcecode.swift; path = ViewController.swift; sourceTree = "<group>"; };
		BB3F5ED41E6CFD4D000657B6 /* Base */ = {isa = PBXFileReference; lastKnownFileType = file.storyboard; name = Base; path = Base.lproj/Main.storyboard; sourceTree = "<group>"; };
		BB3F5ED61E6CFD4D000657B6 /* Assets.xcassets */ = {isa = PBXFileReference; lastKnownFileType = folder.assetcatalog; path = Assets.xcassets; sourceTree = "<group>"; };
		BB3F5ED91E6CFD4D000657B6 /* Base */ = {isa = PBXFileReference; lastKnownFileType = file.storyboard; name = Base; path = Base.lproj/LaunchScreen.storyboard; sourceTree = "<group>"; };
		BB3F5EDB1E6CFD4D000657B6 /* Info.plist */ = {isa = PBXFileReference; lastKnownFileType = text.plist.xml; path = Info.plist; sourceTree = "<group>"; };
		BB3F5EE11E6CFEE6000657B6 /* GoogleService-Info.plist */ = {isa = PBXFileReference; fileEncoding = 4; lastKnownFileType = text.plist.xml; path = "GoogleService-Info.plist"; sourceTree = "<group>"; };
		BB3F5EE51E6D0983000657B6 /* GeoFire.h */ = {isa = PBXFileReference; fileEncoding = 4; lastKnownFileType = sourcecode.c.h; path = GeoFire.h; sourceTree = "<group>"; };
		BB3F5EE61E6D0983000657B6 /* GFCircleQuery.h */ = {isa = PBXFileReference; fileEncoding = 4; lastKnownFileType = sourcecode.c.h; path = GFCircleQuery.h; sourceTree = "<group>"; };
		BB3F5EE71E6D0983000657B6 /* GFQuery.h */ = {isa = PBXFileReference; fileEncoding = 4; lastKnownFileType = sourcecode.c.h; path = GFQuery.h; sourceTree = "<group>"; };
		BB3F5EE81E6D0983000657B6 /* GFRegionQuery.h */ = {isa = PBXFileReference; fileEncoding = 4; lastKnownFileType = sourcecode.c.h; path = GFRegionQuery.h; sourceTree = "<group>"; };
		BB3F5EE91E6D0983000657B6 /* GeoFire-Prefix.pch */ = {isa = PBXFileReference; fileEncoding = 4; lastKnownFileType = sourcecode.c.h; path = "GeoFire-Prefix.pch"; sourceTree = "<group>"; };
		BB3F5EEB1E6D0983000657B6 /* GeoFire+Private.h */ = {isa = PBXFileReference; fileEncoding = 4; lastKnownFileType = sourcecode.c.h; path = "GeoFire+Private.h"; sourceTree = "<group>"; };
		BB3F5EEC1E6D0983000657B6 /* GeoFire.m */ = {isa = PBXFileReference; fileEncoding = 4; lastKnownFileType = sourcecode.c.objc; path = GeoFire.m; sourceTree = "<group>"; };
		BB3F5EED1E6D0983000657B6 /* GFBase32Utils.h */ = {isa = PBXFileReference; fileEncoding = 4; lastKnownFileType = sourcecode.c.h; path = GFBase32Utils.h; sourceTree = "<group>"; };
		BB3F5EEE1E6D0983000657B6 /* GFBase32Utils.m */ = {isa = PBXFileReference; fileEncoding = 4; lastKnownFileType = sourcecode.c.objc; path = GFBase32Utils.m; sourceTree = "<group>"; };
		BB3F5EEF1E6D0983000657B6 /* GFGeoHash.h */ = {isa = PBXFileReference; fileEncoding = 4; lastKnownFileType = sourcecode.c.h; path = GFGeoHash.h; sourceTree = "<group>"; };
		BB3F5EF01E6D0983000657B6 /* GFGeoHash.m */ = {isa = PBXFileReference; fileEncoding = 4; lastKnownFileType = sourcecode.c.objc; path = GFGeoHash.m; sourceTree = "<group>"; };
		BB3F5EF11E6D0983000657B6 /* GFGeoHashQuery.h */ = {isa = PBXFileReference; fileEncoding = 4; lastKnownFileType = sourcecode.c.h; path = GFGeoHashQuery.h; sourceTree = "<group>"; };
		BB3F5EF21E6D0983000657B6 /* GFGeoHashQuery.m */ = {isa = PBXFileReference; fileEncoding = 4; lastKnownFileType = sourcecode.c.objc; path = GFGeoHashQuery.m; sourceTree = "<group>"; };
		BB3F5EF31E6D0983000657B6 /* GFQuery+Private.h */ = {isa = PBXFileReference; fileEncoding = 4; lastKnownFileType = sourcecode.c.h; path = "GFQuery+Private.h"; sourceTree = "<group>"; };
		BB3F5EF41E6D0983000657B6 /* GFQuery.m */ = {isa = PBXFileReference; fileEncoding = 4; lastKnownFileType = sourcecode.c.objc; path = GFQuery.m; sourceTree = "<group>"; };
		BB3F5EFA1E6D0A94000657B6 /* PokeFinder-Bridging-Header.h */ = {isa = PBXFileReference; fileEncoding = 4; lastKnownFileType = sourcecode.c.h; path = "PokeFinder-Bridging-Header.h"; sourceTree = "<group>"; };
		BB3F5EFE1E6DD019000657B6 /* PokeAnnotation.swift */ = {isa = PBXFileReference; fileEncoding = 4; lastKnownFileType = sourcecode.swift; path = PokeAnnotation.swift; sourceTree = "<group>"; };
/* End PBXFileReference section */

/* Begin PBXFrameworksBuildPhase section */
		BB3F5EC91E6CFD4D000657B6 /* Frameworks */ = {
			isa = PBXFrameworksBuildPhase;
			buildActionMask = 2147483647;
			files = (
				BB9B1F363C18AA4D3BE01371 /* Pods_PokeFinder.framework in Frameworks */,
			);
			runOnlyForDeploymentPostprocessing = 0;
		};
/* End PBXFrameworksBuildPhase section */

/* Begin PBXGroup section */
		15319884AFBB7DF33085B6B9 /* Pods */ = {
			isa = PBXGroup;
			children = (
				88458DBFB336031CF8093F50 /* Pods-PokeFinder.debug.xcconfig */,
				85A3423CAEF8C32A4E03949A /* Pods-PokeFinder.release.xcconfig */,
			);
			name = Pods;
			sourceTree = "<group>";
		};
		677A02C2781C10E269CCCCDF /* Frameworks */ = {
			isa = PBXGroup;
			children = (
				A4D263C94893B47C7E2C415B /* Pods_PokeFinder.framework */,
			);
			name = Frameworks;
			sourceTree = "<group>";
		};
		BB3F5EC31E6CFD4D000657B6 = {
			isa = PBXGroup;
			children = (
				BB3F5ECE1E6CFD4D000657B6 /* PokeFinder */,
				BB3F5ECD1E6CFD4D000657B6 /* Products */,
				15319884AFBB7DF33085B6B9 /* Pods */,
				677A02C2781C10E269CCCCDF /* Frameworks */,
			);
			sourceTree = "<group>";
		};
		BB3F5ECD1E6CFD4D000657B6 /* Products */ = {
			isa = PBXGroup;
			children = (
				BB3F5ECC1E6CFD4D000657B6 /* PokeFinder.app */,
			);
			name = Products;
			sourceTree = "<group>";
		};
		BB3F5ECE1E6CFD4D000657B6 /* PokeFinder */ = {
			isa = PBXGroup;
			children = (
				BB3F5EFD1E6DCFBD000657B6 /* Model */,
				BB3F5EFC1E6DCFB5000657B6 /* View */,
				BB3F5EFB1E6DCFA6000657B6 /* Controller */,
				BB3F5EE31E6D0983000657B6 /* GeoFire */,
				BB3F5ECF1E6CFD4D000657B6 /* AppDelegate.swift */,
				BB3F5ED11E6CFD4D000657B6 /* ViewController.swift */,
				BB3F5ED31E6CFD4D000657B6 /* Main.storyboard */,
				BB3F5ED61E6CFD4D000657B6 /* Assets.xcassets */,
				BB3F5ED81E6CFD4D000657B6 /* LaunchScreen.storyboard */,
				BB3F5EDB1E6CFD4D000657B6 /* Info.plist */,
				BB3F5EE11E6CFEE6000657B6 /* GoogleService-Info.plist */,
				BB3F5EFA1E6D0A94000657B6 /* PokeFinder-Bridging-Header.h */,
			);
			path = PokeFinder;
			sourceTree = "<group>";
		};
		BB3F5EE31E6D0983000657B6 /* GeoFire */ = {
			isa = PBXGroup;
			children = (
				BB3F5EE41E6D0983000657B6 /* API */,
				BB3F5EE91E6D0983000657B6 /* GeoFire-Prefix.pch */,
				BB3F5EEA1E6D0983000657B6 /* Implementation */,
			);
			path = GeoFire;
			sourceTree = "<group>";
		};
		BB3F5EE41E6D0983000657B6 /* API */ = {
			isa = PBXGroup;
			children = (
				BB3F5EE51E6D0983000657B6 /* GeoFire.h */,
				BB3F5EE61E6D0983000657B6 /* GFCircleQuery.h */,
				BB3F5EE71E6D0983000657B6 /* GFQuery.h */,
				BB3F5EE81E6D0983000657B6 /* GFRegionQuery.h */,
			);
			path = API;
			sourceTree = "<group>";
		};
		BB3F5EEA1E6D0983000657B6 /* Implementation */ = {
			isa = PBXGroup;
			children = (
				BB3F5EEB1E6D0983000657B6 /* GeoFire+Private.h */,
				BB3F5EEC1E6D0983000657B6 /* GeoFire.m */,
				BB3F5EED1E6D0983000657B6 /* GFBase32Utils.h */,
				BB3F5EEE1E6D0983000657B6 /* GFBase32Utils.m */,
				BB3F5EEF1E6D0983000657B6 /* GFGeoHash.h */,
				BB3F5EF01E6D0983000657B6 /* GFGeoHash.m */,
				BB3F5EF11E6D0983000657B6 /* GFGeoHashQuery.h */,
				BB3F5EF21E6D0983000657B6 /* GFGeoHashQuery.m */,
				BB3F5EF31E6D0983000657B6 /* GFQuery+Private.h */,
				BB3F5EF41E6D0983000657B6 /* GFQuery.m */,
			);
			path = Implementation;
			sourceTree = "<group>";
		};
		BB3F5EFB1E6DCFA6000657B6 /* Controller */ = {
			isa = PBXGroup;
			children = (
			);
			name = Controller;
			sourceTree = "<group>";
		};
		BB3F5EFC1E6DCFB5000657B6 /* View */ = {
			isa = PBXGroup;
			children = (
			);
			name = View;
			sourceTree = "<group>";
		};
		BB3F5EFD1E6DCFBD000657B6 /* Model */ = {
			isa = PBXGroup;
			children = (
				BB3F5EFE1E6DD019000657B6 /* PokeAnnotation.swift */,
			);
			name = Model;
			sourceTree = "<group>";
		};
/* End PBXGroup section */

/* Begin PBXNativeTarget section */
		BB3F5ECB1E6CFD4D000657B6 /* PokeFinder */ = {
			isa = PBXNativeTarget;
			buildConfigurationList = BB3F5EDE1E6CFD4D000657B6 /* Build configuration list for PBXNativeTarget "PokeFinder" */;
			buildPhases = (
				05CD128BD0F09E531B894AC4 /* [CP] Check Pods Manifest.lock */,
				BB3F5EC81E6CFD4D000657B6 /* Sources */,
				BB3F5EC91E6CFD4D000657B6 /* Frameworks */,
				BB3F5ECA1E6CFD4D000657B6 /* Resources */,
				8D29194F2AAF7E38D4468EDE /* [CP] Embed Pods Frameworks */,
				037CB5E179A7AB591B75E36A /* [CP] Copy Pods Resources */,
			);
			buildRules = (
			);
			dependencies = (
			);
			name = PokeFinder;
			productName = PokeFinder;
			productReference = BB3F5ECC1E6CFD4D000657B6 /* PokeFinder.app */;
			productType = "com.apple.product-type.application";
		};
/* End PBXNativeTarget section */

/* Begin PBXProject section */
		BB3F5EC41E6CFD4D000657B6 /* Project object */ = {
			isa = PBXProject;
			attributes = {
				LastSwiftUpdateCheck = 0820;
				LastUpgradeCheck = 0820;
				ORGANIZATIONNAME = "Alfredo M";
				TargetAttributes = {
					BB3F5ECB1E6CFD4D000657B6 = {
						CreatedOnToolsVersion = 8.2.1;
						DevelopmentTeam = 657SX83TSQ;
						ProvisioningStyle = Automatic;
					};
				};
			};
			buildConfigurationList = BB3F5EC71E6CFD4D000657B6 /* Build configuration list for PBXProject "PokeFinder" */;
			compatibilityVersion = "Xcode 3.2";
			developmentRegion = English;
			hasScannedForEncodings = 0;
			knownRegions = (
				en,
				Base,
			);
			mainGroup = BB3F5EC31E6CFD4D000657B6;
			productRefGroup = BB3F5ECD1E6CFD4D000657B6 /* Products */;
			projectDirPath = "";
			projectRoot = "";
			targets = (
				BB3F5ECB1E6CFD4D000657B6 /* PokeFinder */,
			);
		};
/* End PBXProject section */

/* Begin PBXResourcesBuildPhase section */
		BB3F5ECA1E6CFD4D000657B6 /* Resources */ = {
			isa = PBXResourcesBuildPhase;
			buildActionMask = 2147483647;
			files = (
				BB3F5EDA1E6CFD4D000657B6 /* LaunchScreen.storyboard in Resources */,
				BB3F5EE21E6CFEE6000657B6 /* GoogleService-Info.plist in Resources */,
				BB3F5ED71E6CFD4D000657B6 /* Assets.xcassets in Resources */,
				BB3F5ED51E6CFD4D000657B6 /* Main.storyboard in Resources */,
			);
			runOnlyForDeploymentPostprocessing = 0;
		};
/* End PBXResourcesBuildPhase section */

/* Begin PBXShellScriptBuildPhase section */
		037CB5E179A7AB591B75E36A /* [CP] Copy Pods Resources */ = {
			isa = PBXShellScriptBuildPhase;
			buildActionMask = 2147483647;
			files = (
			);
			inputPaths = (
			);
			name = "[CP] Copy Pods Resources";
			outputPaths = (
			);
			runOnlyForDeploymentPostprocessing = 0;
			shellPath = /bin/sh;
			shellScript = "\"${SRCROOT}/Pods/Target Support Files/Pods-PokeFinder/Pods-PokeFinder-resources.sh\"\n";
			showEnvVarsInLog = 0;
		};
		05CD128BD0F09E531B894AC4 /* [CP] Check Pods Manifest.lock */ = {
			isa = PBXShellScriptBuildPhase;
			buildActionMask = 2147483647;
			files = (
			);
			inputPaths = (
			);
			name = "[CP] Check Pods Manifest.lock";
			outputPaths = (
			);
			runOnlyForDeploymentPostprocessing = 0;
			shellPath = /bin/sh;
			shellScript = "diff \"${PODS_ROOT}/../Podfile.lock\" \"${PODS_ROOT}/Manifest.lock\" > /dev/null\nif [ $? != 0 ] ; then\n    # print error to STDERR\n    echo \"error: The sandbox is not in sync with the Podfile.lock. Run 'pod install' or update your CocoaPods installation.\" >&2\n    exit 1\nfi\n";
			showEnvVarsInLog = 0;
		};
		8D29194F2AAF7E38D4468EDE /* [CP] Embed Pods Frameworks */ = {
			isa = PBXShellScriptBuildPhase;
			buildActionMask = 2147483647;
			files = (
			);
			inputPaths = (
			);
			name = "[CP] Embed Pods Frameworks";
			outputPaths = (
			);
			runOnlyForDeploymentPostprocessing = 0;
			shellPath = /bin/sh;
			shellScript = "\"${SRCROOT}/Pods/Target Support Files/Pods-PokeFinder/Pods-PokeFinder-frameworks.sh\"\n";
			showEnvVarsInLog = 0;
		};
/* End PBXShellScriptBuildPhase section */

/* Begin PBXSourcesBuildPhase section */
		BB3F5EC81E6CFD4D000657B6 /* Sources */ = {
			isa = PBXSourcesBuildPhase;
			buildActionMask = 2147483647;
			files = (
				BB3F5EF61E6D0983000657B6 /* GFBase32Utils.m in Sources */,
				BB3F5EFF1E6DD019000657B6 /* PokeAnnotation.swift in Sources */,
				BB3F5ED21E6CFD4D000657B6 /* ViewController.swift in Sources */,
				BB3F5EF71E6D0983000657B6 /* GFGeoHash.m in Sources */,
				BB3F5ED01E6CFD4D000657B6 /* AppDelegate.swift in Sources */,
				BB3F5EF51E6D0983000657B6 /* GeoFire.m in Sources */,
				BB3F5EF81E6D0983000657B6 /* GFGeoHashQuery.m in Sources */,
				BB3F5EF91E6D0983000657B6 /* GFQuery.m in Sources */,
			);
			runOnlyForDeploymentPostprocessing = 0;
		};
/* End PBXSourcesBuildPhase section */

/* Begin PBXVariantGroup section */
		BB3F5ED31E6CFD4D000657B6 /* Main.storyboard */ = {
			isa = PBXVariantGroup;
			children = (
				BB3F5ED41E6CFD4D000657B6 /* Base */,
			);
			name = Main.storyboard;
			sourceTree = "<group>";
		};
		BB3F5ED81E6CFD4D000657B6 /* LaunchScreen.storyboard */ = {
			isa = PBXVariantGroup;
			children = (
				BB3F5ED91E6CFD4D000657B6 /* Base */,
			);
			name = LaunchScreen.storyboard;
			sourceTree = "<group>";
		};
/* End PBXVariantGroup section */

/* Begin XCBuildConfiguration section */
		BB3F5EDC1E6CFD4D000657B6 /* Debug */ = {
			isa = XCBuildConfiguration;
			buildSettings = {
				ALWAYS_SEARCH_USER_PATHS = NO;
				CLANG_ANALYZER_NONNULL = YES;
				CLANG_CXX_LANGUAGE_STANDARD = "gnu++0x";
				CLANG_CXX_LIBRARY = "libc++";
				CLANG_ENABLE_MODULES = YES;
				CLANG_ENABLE_OBJC_ARC = YES;
				CLANG_WARN_BOOL_CONVERSION = YES;
				CLANG_WARN_CONSTANT_CONVERSION = YES;
				CLANG_WARN_DIRECT_OBJC_ISA_USAGE = YES_ERROR;
				CLANG_WARN_DOCUMENTATION_COMMENTS = YES;
				CLANG_WARN_EMPTY_BODY = YES;
				CLANG_WARN_ENUM_CONVERSION = YES;
				CLANG_WARN_INFINITE_RECURSION = YES;
				CLANG_WARN_INT_CONVERSION = YES;
				CLANG_WARN_OBJC_ROOT_CLASS = YES_ERROR;
				CLANG_WARN_SUSPICIOUS_MOVE = YES;
				CLANG_WARN_UNREACHABLE_CODE = YES;
				CLANG_WARN__DUPLICATE_METHOD_MATCH = YES;
				"CODE_SIGN_IDENTITY[sdk=iphoneos*]" = "iPhone Developer";
				COPY_PHASE_STRIP = NO;
				DEBUG_INFORMATION_FORMAT = dwarf;
				ENABLE_STRICT_OBJC_MSGSEND = YES;
				ENABLE_TESTABILITY = YES;
				GCC_C_LANGUAGE_STANDARD = gnu99;
				GCC_DYNAMIC_NO_PIC = NO;
				GCC_NO_COMMON_BLOCKS = YES;
				GCC_OPTIMIZATION_LEVEL = 0;
				GCC_PREPROCESSOR_DEFINITIONS = (
					"DEBUG=1",
					"$(inherited)",
				);
				GCC_WARN_64_TO_32_BIT_CONVERSION = YES;
				GCC_WARN_ABOUT_RETURN_TYPE = YES_ERROR;
				GCC_WARN_UNDECLARED_SELECTOR = YES;
				GCC_WARN_UNINITIALIZED_AUTOS = YES_AGGRESSIVE;
				GCC_WARN_UNUSED_FUNCTION = YES;
				GCC_WARN_UNUSED_VARIABLE = YES;
				IPHONEOS_DEPLOYMENT_TARGET = 10.2;
				MTL_ENABLE_DEBUG_INFO = YES;
				ONLY_ACTIVE_ARCH = YES;
				SDKROOT = iphoneos;
				SWIFT_ACTIVE_COMPILATION_CONDITIONS = DEBUG;
				SWIFT_OPTIMIZATION_LEVEL = "-Onone";
				TARGETED_DEVICE_FAMILY = "1,2";
			};
			name = Debug;
		};
		BB3F5EDD1E6CFD4D000657B6 /* Release */ = {
			isa = XCBuildConfiguration;
			buildSettings = {
				ALWAYS_SEARCH_USER_PATHS = NO;
				CLANG_ANALYZER_NONNULL = YES;
				CLANG_CXX_LANGUAGE_STANDARD = "gnu++0x";
				CLANG_CXX_LIBRARY = "libc++";
				CLANG_ENABLE_MODULES = YES;
				CLANG_ENABLE_OBJC_ARC = YES;
				CLANG_WARN_BOOL_CONVERSION = YES;
				CLANG_WARN_CONSTANT_CONVERSION = YES;
				CLANG_WARN_DIRECT_OBJC_ISA_USAGE = YES_ERROR;
				CLANG_WARN_DOCUMENTATION_COMMENTS = YES;
				CLANG_WARN_EMPTY_BODY = YES;
				CLANG_WARN_ENUM_CONVERSION = YES;
				CLANG_WARN_INFINITE_RECURSION = YES;
				CLANG_WARN_INT_CONVERSION = YES;
				CLANG_WARN_OBJC_ROOT_CLASS = YES_ERROR;
				CLANG_WARN_SUSPICIOUS_MOVE = YES;
				CLANG_WARN_UNREACHABLE_CODE = YES;
				CLANG_WARN__DUPLICATE_METHOD_MATCH = YES;
				"CODE_SIGN_IDENTITY[sdk=iphoneos*]" = "iPhone Developer";
				COPY_PHASE_STRIP = NO;
				DEBUG_INFORMATION_FORMAT = "dwarf-with-dsym";
				ENABLE_NS_ASSERTIONS = NO;
				ENABLE_STRICT_OBJC_MSGSEND = YES;
				GCC_C_LANGUAGE_STANDARD = gnu99;
				GCC_NO_COMMON_BLOCKS = YES;
				GCC_WARN_64_TO_32_BIT_CONVERSION = YES;
				GCC_WARN_ABOUT_RETURN_TYPE = YES_ERROR;
				GCC_WARN_UNDECLARED_SELECTOR = YES;
				GCC_WARN_UNINITIALIZED_AUTOS = YES_AGGRESSIVE;
				GCC_WARN_UNUSED_FUNCTION = YES;
				GCC_WARN_UNUSED_VARIABLE = YES;
				IPHONEOS_DEPLOYMENT_TARGET = 10.2;
				MTL_ENABLE_DEBUG_INFO = NO;
				SDKROOT = iphoneos;
				SWIFT_OPTIMIZATION_LEVEL = "-Owholemodule";
				TARGETED_DEVICE_FAMILY = "1,2";
				VALIDATE_PRODUCT = YES;
			};
			name = Release;
		};
		BB3F5EDF1E6CFD4D000657B6 /* Debug */ = {
			isa = XCBuildConfiguration;
			baseConfigurationReference = 88458DBFB336031CF8093F50 /* Pods-PokeFinder.debug.xcconfig */;
			buildSettings = {
				ASSETCATALOG_COMPILER_APPICON_NAME = AppIcon;
				DEVELOPMENT_TEAM = 657SX83TSQ;
				INFOPLIST_FILE = PokeFinder/Info.plist;
				LD_RUNPATH_SEARCH_PATHS = "$(inherited) @executable_path/Frameworks";
				PRODUCT_BUNDLE_IDENTIFIER = com.AlfredoM.PokeFinder;
				PRODUCT_NAME = "$(TARGET_NAME)";
				SWIFT_OBJC_BRIDGING_HEADER = "PokeFinder/PokeFinder-Bridging-Header.h";
				SWIFT_VERSION = 3.0;
			};
			name = Debug;
		};
		BB3F5EE01E6CFD4D000657B6 /* Release */ = {
			isa = XCBuildConfiguration;
			baseConfigurationReference = 85A3423CAEF8C32A4E03949A /* Pods-PokeFinder.release.xcconfig */;
			buildSettings = {
				ASSETCATALOG_COMPILER_APPICON_NAME = AppIcon;
				DEVELOPMENT_TEAM = 657SX83TSQ;
				INFOPLIST_FILE = PokeFinder/Info.plist;
				LD_RUNPATH_SEARCH_PATHS = "$(inherited) @executable_path/Frameworks";
				PRODUCT_BUNDLE_IDENTIFIER = com.AlfredoM.PokeFinder;
				PRODUCT_NAME = "$(TARGET_NAME)";
				SWIFT_OBJC_BRIDGING_HEADER = "PokeFinder/PokeFinder-Bridging-Header.h";
				SWIFT_VERSION = 3.0;
			};
			name = Release;
		};
/* End XCBuildConfiguration section */

/* Begin XCConfigurationList section */
		BB3F5EC71E6CFD4D000657B6 /* Build configuration list for PBXProject "PokeFinder" */ = {
			isa = XCConfigurationList;
			buildConfigurations = (
				BB3F5EDC1E6CFD4D000657B6 /* Debug */,
				BB3F5EDD1E6CFD4D000657B6 /* Release */,
			);
			defaultConfigurationIsVisible = 0;
			defaultConfigurationName = Release;
		};
		BB3F5EDE1E6CFD4D000657B6 /* Build configuration list for PBXNativeTarget "PokeFinder" */ = {
			isa = XCConfigurationList;
			buildConfigurations = (
				BB3F5EDF1E6CFD4D000657B6 /* Debug */,
				BB3F5EE01E6CFD4D000657B6 /* Release */,
			);
			defaultConfigurationIsVisible = 0;
			defaultConfigurationName = Release;
		};
/* End XCConfigurationList section */
	};
	rootObject = BB3F5EC41E6CFD4D000657B6 /* Project object */;
}
